
Microsoft Visual Studio Solution File, Format Version 12.00
# Visual Studio Version 16
VisualStudioVersion = 16.0.30204.135
MinimumVisualStudioVersion = 10.0.40219.1
Project("{8BC9CEB8-8B4A-11D0-8D11-00A0C91BC942}") = "Digits of an Integer", "Digits of an Integer.vcxproj", "{FBD26CE2-5856-4FC3-A363-40788E52D125}"
EndProject
Global
	GlobalSection(SolutionConfigurationPlatforms) = preSolution
		Debug|x64 = Debug|x64
		Debug|x86 = Debug|x86
		Release|x64 = Release|x64
		Release|x86 = Release|x86
	EndGlobalSection
	GlobalSection(ProjectConfigurationPlatforms) = postSolution
		{FBD26CE2-5856-4FC3-A363-40788E52D125}.Debug|x64.ActiveCfg = Debug|x64
		{FBD26CE2-5856-4FC3-A363-40788E52D125}.Debug|x64.Build.0 = Debug|x64
		{FBD26CE2-5856-4FC3-A363-40788E52D125}.Debug|x86.ActiveCfg = Debug|Win32
		{FBD26CE2-5856-4FC3-A363-40788E52D125}.Debug|x86.Build.0 = Debug|Win32
		{FBD26CE2-5856-4FC3-A363-40788E52D125}.Release|x64.ActiveCfg = Release|x64
		{FBD26CE2-5856-4FC3-A363-40788E52D125}.Release|x64.Build.0 = Release|x64
		{FBD26CE2-5856-4FC3-A363-40788E52D125}.Release|x86.ActiveCfg = Release|Win32
		{FBD26CE2-5856-4FC3-A363-40788E52D125}.Release|x86.Build.0 = Release|Win32
	EndGlobalSection
	GlobalSection(SolutionProperties) = preSolution
		HideSolutionNode = FALSE
	EndGlobalSection
	GlobalSection(ExtensibilityGlobals) = postSolution
		SolutionGuid = {24942E8E-4F7D-4EE5-98B8-89A47EA77C8F}
	EndGlobalSection
EndGlobal
